{
  "name": "the-conductor",
  "version": "0.2.2",
  "dependencies": {
    "async": {
      "version": "0.9.0",
      "from": "async@*"
    },
    "http-https": {
      "version": "1.0.0",
      "from": "http-https@*"
    },
    "js-yaml": {
      "version": "3.0.2",
      "from": "js-yaml@*",
      "dependencies": {
        "argparse": {
          "version": "0.1.15",
          "from": "argparse@~ 0.1.11",
          "dependencies": {
            "underscore": {
              "version": "1.4.4",
              "from": "underscore@~1.4.3"
            }
          }
        },
        "esprima": {
          "version": "1.0.4",
          "from": "esprima@1.0.4"
        }
      }
    },
    "odino.router": {
      "version": "0.1.1",
      "from": "odino.router@*",
      "dependencies": {
        "underscore": {
          "version": "1.5.2",
          "from": "underscore@1.5.2"
        },
        "js-yaml": {
          "version": "3.0.1",
          "from": "js-yaml@3.0.1",
          "dependencies": {
            "argparse": {
              "version": "0.1.15",
              "from": "argparse@~ 0.1.11",
              "dependencies": {
                "underscore": {
                  "version": "1.4.4",
                  "from": "underscore@~1.4.3"
                }
              }
            },
            "esprima": {
              "version": "1.0.4",
              "from": "esprima@1.0.4"
            }
          }
        }
      }
    },
    "optimist": {
      "version": "0.6.1",
      "from": "optimist@*",
      "dependencies": {
        "wordwrap": {
          "version": "0.0.2",
          "from": "wordwrap@~0.0.2"
        },
        "minimist": {
          "version": "0.0.10",
          "from": "minimist@~0.0.1"
        }
      }
    },
    "underscore": {
      "version": "1.6.0",
      "from": "underscore@*",
      "resolved": "https://registry.npmjs.org/underscore/-/underscore-1.6.0.tgz"
    },
    "underscore.string": {
      "version": "2.3.3",
      "from": "underscore.string@*"
    },
    "winston": {
      "version": "0.7.3",
      "from": "winston@*",
      "dependencies": {
        "async": {
          "version": "0.2.10",
          "from": "async@0.2.x"
        },
        "colors": {
          "version": "0.6.2",
          "from": "colors@0.6.x"
        },
        "cycle": {
          "version": "1.0.3",
          "from": "cycle@1.0.x"
        },
        "eyes": {
          "version": "0.1.8",
          "from": "eyes@0.1.x"
        },
        "pkginfo": {
          "version": "0.3.0",
          "from": "pkginfo@0.3.x"
        },
        "request": {
          "version": "2.16.6",
          "from": "request@2.16.x",
          "dependencies": {
            "form-data": {
              "version": "0.0.10",
              "from": "form-data@~0.0.3",
              "dependencies": {
                "combined-stream": {
                  "version": "0.0.4",
                  "from": "combined-stream@~0.0.4",
                  "dependencies": {
                    "delayed-stream": {
                      "version": "0.0.5",
                      "from": "delayed-stream@0.0.5"
                    }
                  }
                }
              }
            },
            "mime": {
              "version": "1.2.11",
              "from": "mime@~1.2.7"
            },
            "hawk": {
              "version": "0.10.2",
              "from": "hawk@~0.10.2",
              "dependencies": {
                "hoek": {
                  "version": "0.7.6",
                  "from": "hoek@0.7.x"
                },
                "boom": {
                  "version": "0.3.8",
                  "from": "boom@0.3.x"
                },
                "cryptiles": {
                  "version": "0.1.3",
                  "from": "cryptiles@0.1.x"
                },
                "sntp": {
                  "version": "0.1.4",
                  "from": "sntp@0.1.x"
                }
              }
            },
            "node-uuid": {
              "version": "1.4.1",
              "from": "node-uuid@~1.4.0"
            },
            "cookie-jar": {
              "version": "0.2.0",
              "from": "cookie-jar@~0.2.0"
            },
            "aws-sign": {
              "version": "0.2.0",
              "from": "aws-sign@~0.2.0"
            },
            "oauth-sign": {
              "version": "0.2.0",
              "from": "oauth-sign@~0.2.0"
            },
            "forever-agent": {
              "version": "0.2.0",
              "from": "forever-agent@~0.2.0"
            },
            "tunnel-agent": {
              "version": "0.2.0",
              "from": "tunnel-agent@~0.2.0"
            },
            "json-stringify-safe": {
              "version": "3.0.0",
              "from": "json-stringify-safe@~3.0.0"
            },
            "qs": {
              "version": "0.5.6",
              "from": "qs@~0.5.4"
            }
          }
        },
        "stack-trace": {
          "version": "0.0.9",
          "from": "stack-trace@0.0.x"
        }
      }
    }
  }
}
