{
  "name": "the-conductor",
  "version": "0.0.5",
  "dependencies": {
    "optimist": {
      "version": "0.6.0",
      "from": "optimist@~0.6",
      "dependencies": {
        "wordwrap": {
          "version": "0.0.2",
          "from": "wordwrap@~0.0.2"
        },
        "minimist": {
          "version": "0.0.5",
          "from": "minimist@~0.0.1"
        }
      }
    },
    "underscore": {
      "version": "1.5.2",
      "from": "underscore@~1.5"
    },
    "winston": {
      "version": "0.7.2",
      "from": "winston@~0.7",
      "resolved": "https://registry.npmjs.org/winston/-/winston-0.7.2.tgz",
      "dependencies": {
        "async": {
          "version": "0.2.9",
          "from": "async@0.2.x"
        },
        "colors": {
          "version": "0.6.2",
          "from": "colors@0.6.x"
        },
        "cycle": {
          "version": "1.0.3",
          "from": "cycle@1.0.x",
          "resolved": "https://registry.npmjs.org/cycle/-/cycle-1.0.3.tgz"
        },
        "eyes": {
          "version": "0.1.8",
          "from": "eyes@0.1.x"
        },
        "pkginfo": {
          "version": "0.3.0",
          "from": "pkginfo@0.3.x",
          "resolved": "https://registry.npmjs.org/pkginfo/-/pkginfo-0.3.0.tgz"
        },
        "request": {
          "version": "2.16.6",
          "from": "request@2.16.6",
          "dependencies": {
            "form-data": {
              "version": "0.0.10",
              "from": "form-data@~0.0.3",
              "dependencies": {
                "combined-stream": {
                  "version": "0.0.4",
                  "from": "combined-stream@~0.0.4",
                  "dependencies": {
                    "delayed-stream": {
                      "version": "0.0.5",
                      "from": "delayed-stream@0.0.5"
                    }
                  }
                }
              }
            },
            "mime": {
              "version": "1.2.11",
              "from": "mime@~1.2.7"
            },
            "hawk": {
              "version": "0.10.2",
              "from": "hawk@~0.10.2",
              "dependencies": {
                "hoek": {
                  "version": "0.7.6",
                  "from": "hoek@0.7.x"
                },
                "boom": {
                  "version": "0.3.8",
                  "from": "boom@0.3.x"
                },
                "cryptiles": {
                  "version": "0.1.3",
                  "from": "cryptiles@0.1.x"
                },
                "sntp": {
                  "version": "0.1.4",
                  "from": "sntp@0.1.x"
                }
              }
            },
            "node-uuid": {
              "version": "1.4.1",
              "from": "node-uuid@~1.4.0"
            },
            "cookie-jar": {
              "version": "0.2.0",
              "from": "cookie-jar@~0.2.0"
            },
            "aws-sign": {
              "version": "0.2.0",
              "from": "aws-sign@~0.2.0"
            },
            "oauth-sign": {
              "version": "0.2.0",
              "from": "oauth-sign@~0.2.0"
            },
            "forever-agent": {
              "version": "0.2.0",
              "from": "forever-agent@~0.2.0"
            },
            "tunnel-agent": {
              "version": "0.2.0",
              "from": "tunnel-agent@~0.2.0"
            },
            "json-stringify-safe": {
              "version": "3.0.0",
              "from": "json-stringify-safe@~3.0.0"
            },
            "qs": {
              "version": "0.5.6",
              "from": "qs@~0.5.4"
            }
          }
        },
        "stack-trace": {
          "version": "0.0.7",
          "from": "stack-trace@0.0.x",
          "resolved": "https://registry.npmjs.org/stack-trace/-/stack-trace-0.0.7.tgz"
        }
      }
    },
    "underscore.string": {
      "version": "2.0.0",
      "from": "underscore.string@2.0.0"
    },
    "odino.router": {
      "version": "0.1.0",
      "from": "odino.router@0.1.0",
      "resolved": "https://registry.npmjs.org/odino.router/-/odino.router-0.1.0.tgz"
    },
    "js-yaml": {
      "version": "3.0.1",
      "from": "js-yaml@~3",
      "resolved": "https://registry.npmjs.org/js-yaml/-/js-yaml-3.0.1.tgz",
      "dependencies": {
        "argparse": {
          "version": "0.1.15",
          "from": "argparse@~ 0.1.11",
          "dependencies": {
            "underscore": {
              "version": "1.4.4",
              "from": "underscore@1.4.4",
              "resolved": "https://registry.npmjs.org/underscore/-/underscore-1.4.4.tgz"
            },
            "underscore.string": {
              "version": "2.3.3",
              "from": "underscore.string@~2.3.1"
            }
          }
        },
        "esprima": {
          "version": "1.0.4",
          "from": "esprima@~ 1.0.2"
        }
      }
    },
    "async": {
      "version": "0.2.9",
      "from": "async@~0.2"
    }
  }
}
